{
	"name": "git-push-preview",
	"version": "0.0.1",
	"lockfileVersion": 1,
	"requires": true,
	"dependencies": {
		"@types/vscode": {
			"version": "1.58.1",
			"resolved": "https://registry.npmjs.org/@types/vscode/-/vscode-1.58.1.tgz",
			"integrity": "sha512-sa76rDXiSif09he8KoaWWUQxsuBr2+uND0xn1GUbEODkuEjp2p7Rqd3t5qlvklfmAedLFdL7MdnsPa57uzwcOw==",
			"dev": true
		}
	}
}
